// !$*UTF8*$!
{
	archiveVersion = 1;
	classes = {
	};
	objectVersion = 46;
	objects = {

/* Begin PBXBuildFile section */
		8F68DD531E0277B700CBD671 /* constructCode.cpp in Sources */ = {isa = PBXBuildFile; fileRef = 8F68DD071E0277B700CBD671 /* constructCode.cpp */; };
		8F68DD541E0277B700CBD671 /* cs_ev.c in Sources */ = {isa = PBXBuildFile; fileRef = 8F68DD091E0277B700CBD671 /* cs_ev.c */; };
		8F68DD551E0277B700CBD671 /* csocket.cpp in Sources */ = {isa = PBXBuildFile; fileRef = 8F68DD0B1E0277B700CBD671 /* csocket.cpp */; };
		8F68DD561E0277B700CBD671 /* dictionarySystem.cpp in Sources */ = {isa = PBXBuildFile; fileRef = 8F68DD0F1E0277B700CBD671 /* dictionarySystem.cpp */; };
		8F68DD571E0277B700CBD671 /* english.cpp in Sources */ = {isa = PBXBuildFile; fileRef = 8F68DD121E0277B700CBD671 /* english.cpp */; };
		8F68DD581E0277B700CBD671 /* englishTagger.cpp in Sources */ = {isa = PBXBuildFile; fileRef = 8F68DD141E0277B700CBD671 /* englishTagger.cpp */; };
		8F68DD591E0277B700CBD671 /* evserver.cpp in Sources */ = {isa = PBXBuildFile; fileRef = 8F68DD161E0277B700CBD671 /* evserver.cpp */; };
		8F68DD5A1E0277B700CBD671 /* factSystem.cpp in Sources */ = {isa = PBXBuildFile; fileRef = 8F68DD181E0277B700CBD671 /* factSystem.cpp */; };
		8F68DD5B1E0277B700CBD671 /* functionExecute.cpp in Sources */ = {isa = PBXBuildFile; fileRef = 8F68DD1A1E0277B700CBD671 /* functionExecute.cpp */; };
		8F68DD5C1E0277B700CBD671 /* infer.cpp in Sources */ = {isa = PBXBuildFile; fileRef = 8F68DD1D1E0277B700CBD671 /* infer.cpp */; };
		8F68DD5D1E0277B700CBD671 /* javascript.cpp in Sources */ = {isa = PBXBuildFile; fileRef = 8F68DD1F1E0277B700CBD671 /* javascript.cpp */; };
		8F68DD5E1E0277B700CBD671 /* jsmn.cpp in Sources */ = {isa = PBXBuildFile; fileRef = 8F68DD201E0277B700CBD671 /* jsmn.cpp */; };
		8F68DD5F1E0277B700CBD671 /* json.cpp in Sources */ = {isa = PBXBuildFile; fileRef = 8F68DD221E0277B700CBD671 /* json.cpp */; };
		8F68DD601E0277B700CBD671 /* mainSystem.cpp in Sources */ = {isa = PBXBuildFile; fileRef = 8F68DD241E0277B700CBD671 /* mainSystem.cpp */; };
		8F68DD611E0277B700CBD671 /* Makefile in Sources */ = {isa = PBXBuildFile; fileRef = 8F68DD261E0277B700CBD671 /* Makefile */; };
		8F68DD621E0277B700CBD671 /* markSystem.cpp in Sources */ = {isa = PBXBuildFile; fileRef = 8F68DD271E0277B700CBD671 /* markSystem.cpp */; };
		8F68DD631E0277B700CBD671 /* mongodb.cpp in Sources */ = {isa = PBXBuildFile; fileRef = 8F68DD2A1E0277B700CBD671 /* mongodb.cpp */; };
		8F68DD641E0277B700CBD671 /* mysql.cpp in Sources */ = {isa = PBXBuildFile; fileRef = 8F68DD301E0277B700CBD671 /* mysql.cpp */; };
		8F68DD651E0277B700CBD671 /* os.cpp in Sources */ = {isa = PBXBuildFile; fileRef = 8F68DD311E0277B700CBD671 /* os.cpp */; };
		8F68DD661E0277B700CBD671 /* outputSystem.cpp in Sources */ = {isa = PBXBuildFile; fileRef = 8F68DD331E0277B700CBD671 /* outputSystem.cpp */; };
		8F68DD671E0277B700CBD671 /* patternSystem.cpp in Sources */ = {isa = PBXBuildFile; fileRef = 8F68DD351E0277B700CBD671 /* patternSystem.cpp */; };
		8F68DD681E0277B700CBD671 /* postgres.cpp in Sources */ = {isa = PBXBuildFile; fileRef = 8F68DD381E0277B700CBD671 /* postgres.cpp */; };
		8F68DD691E0277B700CBD671 /* privatesrc.cpp in Sources */ = {isa = PBXBuildFile; fileRef = 8F68DD3A1E0277B700CBD671 /* privatesrc.cpp */; };
		8F68DD6A1E0277B700CBD671 /* scriptCompile.cpp in Sources */ = {isa = PBXBuildFile; fileRef = 8F68DD3C1E0277B700CBD671 /* scriptCompile.cpp */; };
		8F68DD6B1E0277B700CBD671 /* secure.cpp in Sources */ = {isa = PBXBuildFile; fileRef = 8F68DD3E1E0277B700CBD671 /* secure.cpp */; };
		8F68DD6C1E0277B700CBD671 /* spellcheck.cpp in Sources */ = {isa = PBXBuildFile; fileRef = 8F68DD3F1E0277B700CBD671 /* spellcheck.cpp */; };
		8F68DD6D1E0277B700CBD671 /* systemVariables.cpp in Sources */ = {isa = PBXBuildFile; fileRef = 8F68DD411E0277B700CBD671 /* systemVariables.cpp */; };
		8F68DD6E1E0277B700CBD671 /* tagger.cpp in Sources */ = {isa = PBXBuildFile; fileRef = 8F68DD431E0277B700CBD671 /* tagger.cpp */; };
		8F68DD6F1E0277B700CBD671 /* testing.cpp in Sources */ = {isa = PBXBuildFile; fileRef = 8F68DD451E0277B700CBD671 /* testing.cpp */; };
		8F68DD701E0277B700CBD671 /* textUtilities.cpp in Sources */ = {isa = PBXBuildFile; fileRef = 8F68DD471E0277B700CBD671 /* textUtilities.cpp */; };
		8F68DD711E0277B700CBD671 /* tokenSystem.cpp in Sources */ = {isa = PBXBuildFile; fileRef = 8F68DD491E0277B700CBD671 /* tokenSystem.cpp */; };
		8F68DD721E0277B700CBD671 /* topicSystem.cpp in Sources */ = {isa = PBXBuildFile; fileRef = 8F68DD4B1E0277B700CBD671 /* topicSystem.cpp */; };
		8F68DD731E0277B700CBD671 /* userCache.cpp in Sources */ = {isa = PBXBuildFile; fileRef = 8F68DD4D1E0277B700CBD671 /* userCache.cpp */; };
		8F68DD741E0277B700CBD671 /* userSystem.cpp in Sources */ = {isa = PBXBuildFile; fileRef = 8F68DD4F1E0277B700CBD671 /* userSystem.cpp */; };
		8F68DD751E0277B700CBD671 /* variableSystem.cpp in Sources */ = {isa = PBXBuildFile; fileRef = 8F68DD511E0277B700CBD671 /* variableSystem.cpp */; };
		8FCEF56A1E0B7540004B6762 /* libcurl.3.tbd in Frameworks */ = {isa = PBXBuildFile; fileRef = 8FCEF5691E0B7540004B6762 /* libcurl.3.tbd */; };
		8FE3D8821ACBC71E001CCF77 /* MacChatScript in Copy Files */ = {isa = PBXBuildFile; fileRef = 8FB930071ACBBC3F00BD7EF2 /* MacChatScript */; };
/* End PBXBuildFile section */

/* Begin PBXCopyFilesBuildPhase section */
		8FEAA5971ACBC6600025AF54 /* Copy Files */ = {
			isa = PBXCopyFilesBuildPhase;
			buildActionMask = 12;
			dstPath = "${PROJECT_DIR}/..";
			dstSubfolderSpec = 0;
			files = (
				8FE3D8821ACBC71E001CCF77 /* MacChatScript in Copy Files */,
			);
			name = "Copy Files";
			runOnlyForDeploymentPostprocessing = 0;
		};
/* End PBXCopyFilesBuildPhase section */

/* Begin PBXFileReference section */
		8F68DD051E0277B700CBD671 /* common.h */ = {isa = PBXFileReference; fileEncoding = 4; lastKnownFileType = sourcecode.c.h; name = common.h; path = ../SRC/common.h; sourceTree = "<group>"; };
		8F68DD061E0277B700CBD671 /* common1.h */ = {isa = PBXFileReference; fileEncoding = 4; lastKnownFileType = sourcecode.c.h; name = common1.h; path = ../SRC/common1.h; sourceTree = "<group>"; };
		8F68DD071E0277B700CBD671 /* constructCode.cpp */ = {isa = PBXFileReference; fileEncoding = 4; lastKnownFileType = sourcecode.cpp.cpp; name = constructCode.cpp; path = ../SRC/constructCode.cpp; sourceTree = "<group>"; };
		8F68DD081E0277B700CBD671 /* constructCode.h */ = {isa = PBXFileReference; fileEncoding = 4; lastKnownFileType = sourcecode.c.h; name = constructCode.h; path = ../SRC/constructCode.h; sourceTree = "<group>"; };
		8F68DD091E0277B700CBD671 /* cs_ev.c */ = {isa = PBXFileReference; fileEncoding = 4; lastKnownFileType = sourcecode.c.c; name = cs_ev.c; path = ../SRC/cs_ev.c; sourceTree = "<group>"; };
		8F68DD0A1E0277B700CBD671 /* cs_ev.h */ = {isa = PBXFileReference; fileEncoding = 4; lastKnownFileType = sourcecode.c.h; name = cs_ev.h; path = ../SRC/cs_ev.h; sourceTree = "<group>"; };
		8F68DD0B1E0277B700CBD671 /* csocket.cpp */ = {isa = PBXFileReference; fileEncoding = 4; lastKnownFileType = sourcecode.cpp.cpp; name = csocket.cpp; path = ../SRC/csocket.cpp; sourceTree = "<group>"; };
		8F68DD0C1E0277B700CBD671 /* csocket.h */ = {isa = PBXFileReference; fileEncoding = 4; lastKnownFileType = sourcecode.c.h; name = csocket.h; path = ../SRC/csocket.h; sourceTree = "<group>"; };
		8F68DD0D1E0277B700CBD671 /* curl */ = {isa = PBXFileReference; lastKnownFileType = folder; name = curl; path = ../SRC/curl; sourceTree = "<group>"; };
		8F68DD0E1E0277B700CBD671 /* dictionaryMore.h */ = {isa = PBXFileReference; fileEncoding = 4; lastKnownFileType = sourcecode.c.h; name = dictionaryMore.h; path = ../SRC/dictionaryMore.h; sourceTree = "<group>"; };
		8F68DD0F1E0277B700CBD671 /* dictionarySystem.cpp */ = {isa = PBXFileReference; fileEncoding = 4; lastKnownFileType = sourcecode.cpp.cpp; name = dictionarySystem.cpp; path = ../SRC/dictionarySystem.cpp; sourceTree = "<group>"; };
		8F68DD101E0277B700CBD671 /* dictionarySystem.h */ = {isa = PBXFileReference; fileEncoding = 4; lastKnownFileType = sourcecode.c.h; name = dictionarySystem.h; path = ../SRC/dictionarySystem.h; sourceTree = "<group>"; };
		8F68DD111E0277B700CBD671 /* duktape */ = {isa = PBXFileReference; lastKnownFileType = folder; name = duktape; path = ../SRC/duktape; sourceTree = "<group>"; };
		8F68DD121E0277B700CBD671 /* english.cpp */ = {isa = PBXFileReference; fileEncoding = 4; lastKnownFileType = sourcecode.cpp.cpp; name = english.cpp; path = ../SRC/english.cpp; sourceTree = "<group>"; };
		8F68DD131E0277B700CBD671 /* english.h */ = {isa = PBXFileReference; fileEncoding = 4; lastKnownFileType = sourcecode.c.h; name = english.h; path = ../SRC/english.h; sourceTree = "<group>"; };
		8F68DD141E0277B700CBD671 /* englishTagger.cpp */ = {isa = PBXFileReference; fileEncoding = 4; lastKnownFileType = sourcecode.cpp.cpp; name = englishTagger.cpp; path = ../SRC/englishTagger.cpp; sourceTree = "<group>"; };
		8F68DD151E0277B700CBD671 /* evserver */ = {isa = PBXFileReference; lastKnownFileType = folder; name = evserver; path = ../SRC/evserver; sourceTree = "<group>"; };
		8F68DD161E0277B700CBD671 /* evserver.cpp */ = {isa = PBXFileReference; fileEncoding = 4; lastKnownFileType = sourcecode.cpp.cpp; name = evserver.cpp; path = ../SRC/evserver.cpp; sourceTree = "<group>"; };
		8F68DD171E0277B700CBD671 /* evserver.h */ = {isa = PBXFileReference; fileEncoding = 4; lastKnownFileType = sourcecode.c.h; name = evserver.h; path = ../SRC/evserver.h; sourceTree = "<group>"; };
		8F68DD181E0277B700CBD671 /* factSystem.cpp */ = {isa = PBXFileReference; fileEncoding = 4; lastKnownFileType = sourcecode.cpp.cpp; name = factSystem.cpp; path = ../SRC/factSystem.cpp; sourceTree = "<group>"; };
		8F68DD191E0277B700CBD671 /* factSystem.h */ = {isa = PBXFileReference; fileEncoding = 4; lastKnownFileType = sourcecode.c.h; name = factSystem.h; path = ../SRC/factSystem.h; sourceTree = "<group>"; };
		8F68DD1A1E0277B700CBD671 /* functionExecute.cpp */ = {isa = PBXFileReference; fileEncoding = 4; lastKnownFileType = sourcecode.cpp.cpp; name = functionExecute.cpp; path = ../SRC/functionExecute.cpp; sourceTree = "<group>"; };
		8F68DD1B1E0277B700CBD671 /* functionExecute.h */ = {isa = PBXFileReference; fileEncoding = 4; lastKnownFileType = sourcecode.c.h; name = functionExecute.h; path = ../SRC/functionExecute.h; sourceTree = "<group>"; };
		8F68DD1C1E0277B700CBD671 /* include */ = {isa = PBXFileReference; lastKnownFileType = folder; name = include; path = ../SRC/include; sourceTree = "<group>"; };
		8F68DD1D1E0277B700CBD671 /* infer.cpp */ = {isa = PBXFileReference; fileEncoding = 4; lastKnownFileType = sourcecode.cpp.cpp; name = infer.cpp; path = ../SRC/infer.cpp; sourceTree = "<group>"; };
		8F68DD1E1E0277B700CBD671 /* infer.h */ = {isa = PBXFileReference; fileEncoding = 4; lastKnownFileType = sourcecode.c.h; name = infer.h; path = ../SRC/infer.h; sourceTree = "<group>"; };
		8F68DD1F1E0277B700CBD671 /* javascript.cpp */ = {isa = PBXFileReference; fileEncoding = 4; lastKnownFileType = sourcecode.cpp.cpp; name = javascript.cpp; path = ../SRC/javascript.cpp; sourceTree = "<group>"; };
		8F68DD201E0277B700CBD671 /* jsmn.cpp */ = {isa = PBXFileReference; fileEncoding = 4; lastKnownFileType = sourcecode.cpp.cpp; name = jsmn.cpp; path = ../SRC/jsmn.cpp; sourceTree = "<group>"; };
		8F68DD211E0277B700CBD671 /* jsmn.h */ = {isa = PBXFileReference; fileEncoding = 4; lastKnownFileType = sourcecode.c.h; name = jsmn.h; path = ../SRC/jsmn.h; sourceTree = "<group>"; };
		8F68DD221E0277B700CBD671 /* json.cpp */ = {isa = PBXFileReference; fileEncoding = 4; lastKnownFileType = sourcecode.cpp.cpp; name = json.cpp; path = ../SRC/json.cpp; sourceTree = "<group>"; };
		8F68DD231E0277B700CBD671 /* json.h */ = {isa = PBXFileReference; fileEncoding = 4; lastKnownFileType = sourcecode.c.h; name = json.h; path = ../SRC/json.h; sourceTree = "<group>"; };
		8F68DD241E0277B700CBD671 /* mainSystem.cpp */ = {isa = PBXFileReference; fileEncoding = 4; lastKnownFileType = sourcecode.cpp.cpp; name = mainSystem.cpp; path = ../SRC/mainSystem.cpp; sourceTree = "<group>"; };
		8F68DD251E0277B700CBD671 /* mainSystem.h */ = {isa = PBXFileReference; fileEncoding = 4; lastKnownFileType = sourcecode.c.h; name = mainSystem.h; path = ../SRC/mainSystem.h; sourceTree = "<group>"; };
		8F68DD261E0277B700CBD671 /* Makefile */ = {isa = PBXFileReference; fileEncoding = 4; lastKnownFileType = sourcecode.make; name = Makefile; path = ../SRC/Makefile; sourceTree = "<group>"; };
		8F68DD271E0277B700CBD671 /* markSystem.cpp */ = {isa = PBXFileReference; fileEncoding = 4; lastKnownFileType = sourcecode.cpp.cpp; name = markSystem.cpp; path = ../SRC/markSystem.cpp; sourceTree = "<group>"; };
		8F68DD281E0277B700CBD671 /* markSystem.h */ = {isa = PBXFileReference; fileEncoding = 4; lastKnownFileType = sourcecode.c.h; name = markSystem.h; path = ../SRC/markSystem.h; sourceTree = "<group>"; };
		8F68DD291E0277B700CBD671 /* mongo */ = {isa = PBXFileReference; lastKnownFileType = folder; name = mongo; path = ../SRC/mongo; sourceTree = "<group>"; };
		8F68DD2A1E0277B700CBD671 /* mongodb.cpp */ = {isa = PBXFileReference; fileEncoding = 4; lastKnownFileType = sourcecode.cpp.cpp; name = mongodb.cpp; path = ../SRC/mongodb.cpp; sourceTree = "<group>"; };
		8F68DD2B1E0277B700CBD671 /* mongodb.h */ = {isa = PBXFileReference; fileEncoding = 4; lastKnownFileType = sourcecode.c.h; name = mongodb.h; path = ../SRC/mongodb.h; sourceTree = "<group>"; };
		8F68DD2C1E0277B700CBD671 /* mprintf.h */ = {isa = PBXFileReference; fileEncoding = 4; lastKnownFileType = sourcecode.c.h; name = mprintf.h; path = ../SRC/mprintf.h; sourceTree = "<group>"; };
		8F68DD2D1E0277B700CBD671 /* multi.h */ = {isa = PBXFileReference; fileEncoding = 4; lastKnownFileType = sourcecode.c.h; name = multi.h; path = ../SRC/multi.h; sourceTree = "<group>"; };
		8F68DD2E1E0277B700CBD671 /* my_sql.h */ = {isa = PBXFileReference; fileEncoding = 4; lastKnownFileType = sourcecode.c.h; name = my_sql.h; path = ../SRC/my_sql.h; sourceTree = "<group>"; };
		8F68DD2F1E0277B700CBD671 /* mysql */ = {isa = PBXFileReference; lastKnownFileType = folder; name = mysql; path = ../SRC/mysql; sourceTree = "<group>"; };
		8F68DD301E0277B700CBD671 /* mysql.cpp */ = {isa = PBXFileReference; fileEncoding = 4; lastKnownFileType = sourcecode.cpp.cpp; name = mysql.cpp; path = ../SRC/mysql.cpp; sourceTree = "<group>"; };
		8F68DD311E0277B700CBD671 /* os.cpp */ = {isa = PBXFileReference; fileEncoding = 4; lastKnownFileType = sourcecode.cpp.cpp; name = os.cpp; path = ../SRC/os.cpp; sourceTree = "<group>"; };
		8F68DD321E0277B700CBD671 /* os.h */ = {isa = PBXFileReference; fileEncoding = 4; lastKnownFileType = sourcecode.c.h; name = os.h; path = ../SRC/os.h; sourceTree = "<group>"; };
		8F68DD331E0277B700CBD671 /* outputSystem.cpp */ = {isa = PBXFileReference; fileEncoding = 4; lastKnownFileType = sourcecode.cpp.cpp; name = outputSystem.cpp; path = ../SRC/outputSystem.cpp; sourceTree = "<group>"; };
		8F68DD341E0277B700CBD671 /* outputSystem.h */ = {isa = PBXFileReference; fileEncoding = 4; lastKnownFileType = sourcecode.c.h; name = outputSystem.h; path = ../SRC/outputSystem.h; sourceTree = "<group>"; };
		8F68DD351E0277B700CBD671 /* patternSystem.cpp */ = {isa = PBXFileReference; fileEncoding = 4; lastKnownFileType = sourcecode.cpp.cpp; name = patternSystem.cpp; path = ../SRC/patternSystem.cpp; sourceTree = "<group>"; };
		8F68DD361E0277B700CBD671 /* patternSystem.h */ = {isa = PBXFileReference; fileEncoding = 4; lastKnownFileType = sourcecode.c.h; name = patternSystem.h; path = ../SRC/patternSystem.h; sourceTree = "<group>"; };
		8F68DD371E0277B700CBD671 /* postgres */ = {isa = PBXFileReference; lastKnownFileType = folder; name = postgres; path = ../SRC/postgres; sourceTree = "<group>"; };
		8F68DD381E0277B700CBD671 /* postgres.cpp */ = {isa = PBXFileReference; fileEncoding = 4; lastKnownFileType = sourcecode.cpp.cpp; name = postgres.cpp; path = ../SRC/postgres.cpp; sourceTree = "<group>"; };
		8F68DD391E0277B700CBD671 /* postgres.h */ = {isa = PBXFileReference; fileEncoding = 4; lastKnownFileType = sourcecode.c.h; name = postgres.h; path = ../SRC/postgres.h; sourceTree = "<group>"; };
		8F68DD3A1E0277B700CBD671 /* privatesrc.cpp */ = {isa = PBXFileReference; fileEncoding = 4; lastKnownFileType = sourcecode.cpp.cpp; name = privatesrc.cpp; path = ../SRC/privatesrc.cpp; sourceTree = "<group>"; };
		8F68DD3B1E0277B700CBD671 /* privatesrc.h */ = {isa = PBXFileReference; fileEncoding = 4; lastKnownFileType = sourcecode.c.h; name = privatesrc.h; path = ../SRC/privatesrc.h; sourceTree = "<group>"; };
		8F68DD3C1E0277B700CBD671 /* scriptCompile.cpp */ = {isa = PBXFileReference; fileEncoding = 4; lastKnownFileType = sourcecode.cpp.cpp; name = scriptCompile.cpp; path = ../SRC/scriptCompile.cpp; sourceTree = "<group>"; };
		8F68DD3D1E0277B700CBD671 /* scriptCompile.h */ = {isa = PBXFileReference; fileEncoding = 4; lastKnownFileType = sourcecode.c.h; name = scriptCompile.h; path = ../SRC/scriptCompile.h; sourceTree = "<group>"; };
		8F68DD3E1E0277B700CBD671 /* secure.cpp */ = {isa = PBXFileReference; fileEncoding = 4; lastKnownFileType = sourcecode.cpp.cpp; name = secure.cpp; path = ../SRC/secure.cpp; sourceTree = "<group>"; };
		8F68DD3F1E0277B700CBD671 /* spellcheck.cpp */ = {isa = PBXFileReference; fileEncoding = 4; lastKnownFileType = sourcecode.cpp.cpp; name = spellcheck.cpp; path = ../SRC/spellcheck.cpp; sourceTree = "<group>"; };
		8F68DD401E0277B700CBD671 /* spellcheck.h */ = {isa = PBXFileReference; fileEncoding = 4; lastKnownFileType = sourcecode.c.h; name = spellcheck.h; path = ../SRC/spellcheck.h; sourceTree = "<group>"; };
		8F68DD411E0277B700CBD671 /* systemVariables.cpp */ = {isa = PBXFileReference; fileEncoding = 4; lastKnownFileType = sourcecode.cpp.cpp; name = systemVariables.cpp; path = ../SRC/systemVariables.cpp; sourceTree = "<group>"; };
		8F68DD421E0277B700CBD671 /* systemVariables.h */ = {isa = PBXFileReference; fileEncoding = 4; lastKnownFileType = sourcecode.c.h; name = systemVariables.h; path = ../SRC/systemVariables.h; sourceTree = "<group>"; };
		8F68DD431E0277B700CBD671 /* tagger.cpp */ = {isa = PBXFileReference; fileEncoding = 4; lastKnownFileType = sourcecode.cpp.cpp; name = tagger.cpp; path = ../SRC/tagger.cpp; sourceTree = "<group>"; };
		8F68DD441E0277B700CBD671 /* tagger.h */ = {isa = PBXFileReference; fileEncoding = 4; lastKnownFileType = sourcecode.c.h; name = tagger.h; path = ../SRC/tagger.h; sourceTree = "<group>"; };
		8F68DD451E0277B700CBD671 /* testing.cpp */ = {isa = PBXFileReference; fileEncoding = 4; lastKnownFileType = sourcecode.cpp.cpp; name = testing.cpp; path = ../SRC/testing.cpp; sourceTree = "<group>"; };
		8F68DD461E0277B700CBD671 /* testing.h */ = {isa = PBXFileReference; fileEncoding = 4; lastKnownFileType = sourcecode.c.h; name = testing.h; path = ../SRC/testing.h; sourceTree = "<group>"; };
		8F68DD471E0277B700CBD671 /* textUtilities.cpp */ = {isa = PBXFileReference; fileEncoding = 4; lastKnownFileType = sourcecode.cpp.cpp; name = textUtilities.cpp; path = ../SRC/textUtilities.cpp; sourceTree = "<group>"; };
		8F68DD481E0277B700CBD671 /* textUtilities.h */ = {isa = PBXFileReference; fileEncoding = 4; lastKnownFileType = sourcecode.c.h; name = textUtilities.h; path = ../SRC/textUtilities.h; sourceTree = "<group>"; };
		8F68DD491E0277B700CBD671 /* tokenSystem.cpp */ = {isa = PBXFileReference; fileEncoding = 4; lastKnownFileType = sourcecode.cpp.cpp; name = tokenSystem.cpp; path = ../SRC/tokenSystem.cpp; sourceTree = "<group>"; };
		8F68DD4A1E0277B700CBD671 /* tokenSystem.h */ = {isa = PBXFileReference; fileEncoding = 4; lastKnownFileType = sourcecode.c.h; name = tokenSystem.h; path = ../SRC/tokenSystem.h; sourceTree = "<group>"; };
		8F68DD4B1E0277B700CBD671 /* topicSystem.cpp */ = {isa = PBXFileReference; fileEncoding = 4; lastKnownFileType = sourcecode.cpp.cpp; name = topicSystem.cpp; path = ../SRC/topicSystem.cpp; sourceTree = "<group>"; };
		8F68DD4C1E0277B700CBD671 /* topicSystem.h */ = {isa = PBXFileReference; fileEncoding = 4; lastKnownFileType = sourcecode.c.h; name = topicSystem.h; path = ../SRC/topicSystem.h; sourceTree = "<group>"; };
		8F68DD4D1E0277B700CBD671 /* userCache.cpp */ = {isa = PBXFileReference; fileEncoding = 4; lastKnownFileType = sourcecode.cpp.cpp; name = userCache.cpp; path = ../SRC/userCache.cpp; sourceTree = "<group>"; };
		8F68DD4E1E0277B700CBD671 /* userCache.h */ = {isa = PBXFileReference; fileEncoding = 4; lastKnownFileType = sourcecode.c.h; name = userCache.h; path = ../SRC/userCache.h; sourceTree = "<group>"; };
		8F68DD4F1E0277B700CBD671 /* userSystem.cpp */ = {isa = PBXFileReference; fileEncoding = 4; lastKnownFileType = sourcecode.cpp.cpp; name = userSystem.cpp; path = ../SRC/userSystem.cpp; sourceTree = "<group>"; };
		8F68DD501E0277B700CBD671 /* userSystem.h */ = {isa = PBXFileReference; fileEncoding = 4; lastKnownFileType = sourcecode.c.h; name = userSystem.h; path = ../SRC/userSystem.h; sourceTree = "<group>"; };
		8F68DD511E0277B700CBD671 /* variableSystem.cpp */ = {isa = PBXFileReference; fileEncoding = 4; lastKnownFileType = sourcecode.cpp.cpp; name = variableSystem.cpp; path = ../SRC/variableSystem.cpp; sourceTree = "<group>"; };
		8F68DD521E0277B700CBD671 /* variableSystem.h */ = {isa = PBXFileReference; fileEncoding = 4; lastKnownFileType = sourcecode.c.h; name = variableSystem.h; path = ../SRC/variableSystem.h; sourceTree = "<group>"; };
		8FB930071ACBBC3F00BD7EF2 /* MacChatScript */ = {isa = PBXFileReference; explicitFileType = "compiled.mach-o.executable"; includeInIndex = 0; path = MacChatScript; sourceTree = BUILT_PRODUCTS_DIR; };
		8FCEF5691E0B7540004B6762 /* libcurl.3.tbd */ = {isa = PBXFileReference; lastKnownFileType = "sourcecode.text-based-dylib-definition"; name = libcurl.3.tbd; path = usr/lib/libcurl.3.tbd; sourceTree = SDKROOT; };
/* End PBXFileReference section */

/* Begin PBXFrameworksBuildPhase section */
		8FB930041ACBBC3F00BD7EF2 /* Frameworks */ = {
			isa = PBXFrameworksBuildPhase;
			buildActionMask = 2147483647;
			files = (
				8FCEF56A1E0B7540004B6762 /* libcurl.3.tbd in Frameworks */,
			);
			runOnlyForDeploymentPostprocessing = 0;
		};
/* End PBXFrameworksBuildPhase section */

/* Begin PBXGroup section */
		8F2A54AB1C606DB700305D6A /* Source */ = {
			isa = PBXGroup;
			children = (
				8F68DD051E0277B700CBD671 /* common.h */,
				8F68DD061E0277B700CBD671 /* common1.h */,
				8F68DD071E0277B700CBD671 /* constructCode.cpp */,
				8F68DD081E0277B700CBD671 /* constructCode.h */,
				8F68DD091E0277B700CBD671 /* cs_ev.c */,
				8F68DD0A1E0277B700CBD671 /* cs_ev.h */,
				8F68DD0B1E0277B700CBD671 /* csocket.cpp */,
				8F68DD0C1E0277B700CBD671 /* csocket.h */,
				8F68DD0D1E0277B700CBD671 /* curl */,
				8F68DD0E1E0277B700CBD671 /* dictionaryMore.h */,
				8F68DD0F1E0277B700CBD671 /* dictionarySystem.cpp */,
				8F68DD101E0277B700CBD671 /* dictionarySystem.h */,
				8F68DD111E0277B700CBD671 /* duktape */,
				8F68DD121E0277B700CBD671 /* english.cpp */,
				8F68DD131E0277B700CBD671 /* english.h */,
				8F68DD141E0277B700CBD671 /* englishTagger.cpp */,
				8F68DD151E0277B700CBD671 /* evserver */,
				8F68DD161E0277B700CBD671 /* evserver.cpp */,
				8F68DD171E0277B700CBD671 /* evserver.h */,
				8F68DD181E0277B700CBD671 /* factSystem.cpp */,
				8F68DD191E0277B700CBD671 /* factSystem.h */,
				8F68DD1A1E0277B700CBD671 /* functionExecute.cpp */,
				8F68DD1B1E0277B700CBD671 /* functionExecute.h */,
				8F68DD1C1E0277B700CBD671 /* include */,
				8F68DD1D1E0277B700CBD671 /* infer.cpp */,
				8F68DD1E1E0277B700CBD671 /* infer.h */,
				8F68DD1F1E0277B700CBD671 /* javascript.cpp */,
				8F68DD201E0277B700CBD671 /* jsmn.cpp */,
				8F68DD211E0277B700CBD671 /* jsmn.h */,
				8F68DD221E0277B700CBD671 /* json.cpp */,
				8F68DD231E0277B700CBD671 /* json.h */,
				8F68DD241E0277B700CBD671 /* mainSystem.cpp */,
				8F68DD251E0277B700CBD671 /* mainSystem.h */,
				8F68DD261E0277B700CBD671 /* Makefile */,
				8F68DD271E0277B700CBD671 /* markSystem.cpp */,
				8F68DD281E0277B700CBD671 /* markSystem.h */,
				8F68DD291E0277B700CBD671 /* mongo */,
				8F68DD2A1E0277B700CBD671 /* mongodb.cpp */,
				8F68DD2B1E0277B700CBD671 /* mongodb.h */,
				8F68DD2C1E0277B700CBD671 /* mprintf.h */,
				8F68DD2D1E0277B700CBD671 /* multi.h */,
				8F68DD2E1E0277B700CBD671 /* my_sql.h */,
				8F68DD2F1E0277B700CBD671 /* mysql */,
				8F68DD301E0277B700CBD671 /* mysql.cpp */,
				8F68DD311E0277B700CBD671 /* os.cpp */,
				8F68DD321E0277B700CBD671 /* os.h */,
				8F68DD331E0277B700CBD671 /* outputSystem.cpp */,
				8F68DD341E0277B700CBD671 /* outputSystem.h */,
				8F68DD351E0277B700CBD671 /* patternSystem.cpp */,
				8F68DD361E0277B700CBD671 /* patternSystem.h */,
				8F68DD371E0277B700CBD671 /* postgres */,
				8F68DD381E0277B700CBD671 /* postgres.cpp */,
				8F68DD391E0277B700CBD671 /* postgres.h */,
				8F68DD3A1E0277B700CBD671 /* privatesrc.cpp */,
				8F68DD3B1E0277B700CBD671 /* privatesrc.h */,
				8F68DD3C1E0277B700CBD671 /* scriptCompile.cpp */,
				8F68DD3D1E0277B700CBD671 /* scriptCompile.h */,
				8F68DD3E1E0277B700CBD671 /* secure.cpp */,
				8F68DD3F1E0277B700CBD671 /* spellcheck.cpp */,
				8F68DD401E0277B700CBD671 /* spellcheck.h */,
				8F68DD411E0277B700CBD671 /* systemVariables.cpp */,
				8F68DD421E0277B700CBD671 /* systemVariables.h */,
				8F68DD431E0277B700CBD671 /* tagger.cpp */,
				8F68DD441E0277B700CBD671 /* tagger.h */,
				8F68DD451E0277B700CBD671 /* testing.cpp */,
				8F68DD461E0277B700CBD671 /* testing.h */,
				8F68DD471E0277B700CBD671 /* textUtilities.cpp */,
				8F68DD481E0277B700CBD671 /* textUtilities.h */,
				8F68DD491E0277B700CBD671 /* tokenSystem.cpp */,
				8F68DD4A1E0277B700CBD671 /* tokenSystem.h */,
				8F68DD4B1E0277B700CBD671 /* topicSystem.cpp */,
				8F68DD4C1E0277B700CBD671 /* topicSystem.h */,
				8F68DD4D1E0277B700CBD671 /* userCache.cpp */,
				8F68DD4E1E0277B700CBD671 /* userCache.h */,
				8F68DD4F1E0277B700CBD671 /* userSystem.cpp */,
				8F68DD501E0277B700CBD671 /* userSystem.h */,
				8F68DD511E0277B700CBD671 /* variableSystem.cpp */,
				8F68DD521E0277B700CBD671 /* variableSystem.h */,
			);
			name = Source;
			sourceTree = "<group>";
		};
		8FB92FFE1ACBBC3F00BD7EF2 = {
			isa = PBXGroup;
			children = (
				8F2A54AB1C606DB700305D6A /* Source */,
				8FB930081ACBBC3F00BD7EF2 /* Products */,
				8FCEF5681E0B7540004B6762 /* Frameworks */,
			);
			sourceTree = "<group>";
		};
		8FB930081ACBBC3F00BD7EF2 /* Products */ = {
			isa = PBXGroup;
			children = (
				8FB930071ACBBC3F00BD7EF2 /* MacChatScript */,
			);
			name = Products;
			sourceTree = "<group>";
		};
		8FCEF5681E0B7540004B6762 /* Frameworks */ = {
			isa = PBXGroup;
			children = (
				8FCEF5691E0B7540004B6762 /* libcurl.3.tbd */,
			);
			name = Frameworks;
			sourceTree = "<group>";
		};
/* End PBXGroup section */

/* Begin PBXNativeTarget section */
		8FB930061ACBBC3F00BD7EF2 /* MacChatScript */ = {
			isa = PBXNativeTarget;
			buildConfigurationList = 8FB9300E1ACBBC3F00BD7EF2 /* Build configuration list for PBXNativeTarget "MacChatScript" */;
			buildPhases = (
				8FB930031ACBBC3F00BD7EF2 /* Sources */,
				8FB930041ACBBC3F00BD7EF2 /* Frameworks */,
				8FEAA5971ACBC6600025AF54 /* Copy Files */,
			);
			buildRules = (
			);
			dependencies = (
			);
			name = MacChatScript;
			productName = Xcode;
			productReference = 8FB930071ACBBC3F00BD7EF2 /* MacChatScript */;
			productType = "com.apple.product-type.tool";
		};
/* End PBXNativeTarget section */

/* Begin PBXProject section */
		8FB92FFF1ACBBC3F00BD7EF2 /* Project object */ = {
			isa = PBXProject;
			attributes = {
				LastUpgradeCheck = 0820;
				ORGANIZATIONNAME = "Bruce Wilcox";
				TargetAttributes = {
					8FB930061ACBBC3F00BD7EF2 = {
						CreatedOnToolsVersion = 6.2;
					};
				};
			};
			buildConfigurationList = 8FB930021ACBBC3F00BD7EF2 /* Build configuration list for PBXProject "MacChatScript" */;
			compatibilityVersion = "Xcode 3.2";
			developmentRegion = English;
			hasScannedForEncodings = 0;
			knownRegions = (
				en,
			);
			mainGroup = 8FB92FFE1ACBBC3F00BD7EF2;
			productRefGroup = 8FB930081ACBBC3F00BD7EF2 /* Products */;
			projectDirPath = "";
			projectRoot = "";
			targets = (
				8FB930061ACBBC3F00BD7EF2 /* MacChatScript */,
			);
		};
/* End PBXProject section */

/* Begin PBXSourcesBuildPhase section */
		8FB930031ACBBC3F00BD7EF2 /* Sources */ = {
			isa = PBXSourcesBuildPhase;
			buildActionMask = 2147483647;
			files = (
				8F68DD6A1E0277B700CBD671 /* scriptCompile.cpp in Sources */,
				8F68DD611E0277B700CBD671 /* Makefile in Sources */,
				8F68DD691E0277B700CBD671 /* privatesrc.cpp in Sources */,
				8F68DD5B1E0277B700CBD671 /* functionExecute.cpp in Sources */,
				8F68DD721E0277B700CBD671 /* topicSystem.cpp in Sources */,
				8F68DD641E0277B700CBD671 /* mysql.cpp in Sources */,
				8F68DD581E0277B700CBD671 /* englishTagger.cpp in Sources */,
				8F68DD561E0277B700CBD671 /* dictionarySystem.cpp in Sources */,
				8F68DD601E0277B700CBD671 /* mainSystem.cpp in Sources */,
				8F68DD651E0277B700CBD671 /* os.cpp in Sources */,
				8F68DD661E0277B700CBD671 /* outputSystem.cpp in Sources */,
				8F68DD681E0277B700CBD671 /* postgres.cpp in Sources */,
				8F68DD5A1E0277B700CBD671 /* factSystem.cpp in Sources */,
				8F68DD741E0277B700CBD671 /* userSystem.cpp in Sources */,
				8F68DD5F1E0277B700CBD671 /* json.cpp in Sources */,
				8F68DD671E0277B700CBD671 /* patternSystem.cpp in Sources */,
				8F68DD6B1E0277B700CBD671 /* secure.cpp in Sources */,
				8F68DD701E0277B700CBD671 /* textUtilities.cpp in Sources */,
				8F68DD631E0277B700CBD671 /* mongodb.cpp in Sources */,
				8F68DD591E0277B700CBD671 /* evserver.cpp in Sources */,
				8F68DD6E1E0277B700CBD671 /* tagger.cpp in Sources */,
				8F68DD6C1E0277B700CBD671 /* spellcheck.cpp in Sources */,
				8F68DD731E0277B700CBD671 /* userCache.cpp in Sources */,
				8F68DD5E1E0277B700CBD671 /* jsmn.cpp in Sources */,
				8F68DD541E0277B700CBD671 /* cs_ev.c in Sources */,
				8F68DD5C1E0277B700CBD671 /* infer.cpp in Sources */,
				8F68DD551E0277B700CBD671 /* csocket.cpp in Sources */,
				8F68DD6F1E0277B700CBD671 /* testing.cpp in Sources */,
				8F68DD531E0277B700CBD671 /* constructCode.cpp in Sources */,
				8F68DD5D1E0277B700CBD671 /* javascript.cpp in Sources */,
				8F68DD571E0277B700CBD671 /* english.cpp in Sources */,
				8F68DD751E0277B700CBD671 /* variableSystem.cpp in Sources */,
				8F68DD621E0277B700CBD671 /* markSystem.cpp in Sources */,
				8F68DD6D1E0277B700CBD671 /* systemVariables.cpp in Sources */,
				8F68DD711E0277B700CBD671 /* tokenSystem.cpp in Sources */,
			);
			runOnlyForDeploymentPostprocessing = 0;
		};
/* End PBXSourcesBuildPhase section */

/* Begin XCBuildConfiguration section */
		8FB9300C1ACBBC3F00BD7EF2 /* Debug */ = {
			isa = XCBuildConfiguration;
			buildSettings = {
				ALWAYS_SEARCH_USER_PATHS = NO;
				CLANG_CXX_LANGUAGE_STANDARD = "gnu++0x";
				CLANG_CXX_LIBRARY = "libc++";
				CLANG_ENABLE_MODULES = YES;
				CLANG_ENABLE_OBJC_ARC = YES;
				CLANG_WARN_BOOL_CONVERSION = YES;
				CLANG_WARN_CONSTANT_CONVERSION = YES;
				CLANG_WARN_DIRECT_OBJC_ISA_USAGE = YES_ERROR;
				CLANG_WARN_EMPTY_BODY = YES;
				CLANG_WARN_ENUM_CONVERSION = YES;
				CLANG_WARN_INFINITE_RECURSION = YES;
				CLANG_WARN_INT_CONVERSION = YES;
				CLANG_WARN_OBJC_ROOT_CLASS = YES_ERROR;
				CLANG_WARN_SUSPICIOUS_MOVE = YES;
				CLANG_WARN_UNREACHABLE_CODE = YES;
				CLANG_WARN__DUPLICATE_METHOD_MATCH = YES;
				COPY_PHASE_STRIP = NO;
				ENABLE_STRICT_OBJC_MSGSEND = YES;
				ENABLE_TESTABILITY = YES;
				GCC_C_LANGUAGE_STANDARD = gnu99;
				GCC_DYNAMIC_NO_PIC = NO;
				GCC_NO_COMMON_BLOCKS = YES;
				GCC_OPTIMIZATION_LEVEL = 0;
				GCC_PREPROCESSOR_DEFINITIONS = (
					"DEBUG=1",
					"$(inherited)",
				);
				GCC_SYMBOLS_PRIVATE_EXTERN = NO;
				GCC_WARN_64_TO_32_BIT_CONVERSION = YES;
				GCC_WARN_ABOUT_RETURN_TYPE = YES_ERROR;
				GCC_WARN_UNDECLARED_SELECTOR = YES;
				GCC_WARN_UNINITIALIZED_AUTOS = YES_AGGRESSIVE;
				GCC_WARN_UNUSED_FUNCTION = YES;
				GCC_WARN_UNUSED_VARIABLE = YES;
				MACOSX_DEPLOYMENT_TARGET = 10.12;
				MTL_ENABLE_DEBUG_INFO = YES;
				ONLY_ACTIVE_ARCH = YES;
				SDKROOT = macosx;
			};
			name = Debug;
		};
		8FB9300D1ACBBC3F00BD7EF2 /* Release */ = {
			isa = XCBuildConfiguration;
			buildSettings = {
				ALWAYS_SEARCH_USER_PATHS = NO;
				CLANG_CXX_LANGUAGE_STANDARD = "gnu++0x";
				CLANG_CXX_LIBRARY = "libc++";
				CLANG_ENABLE_MODULES = YES;
				CLANG_ENABLE_OBJC_ARC = YES;
				CLANG_WARN_BOOL_CONVERSION = YES;
				CLANG_WARN_CONSTANT_CONVERSION = YES;
				CLANG_WARN_DIRECT_OBJC_ISA_USAGE = YES_ERROR;
				CLANG_WARN_EMPTY_BODY = YES;
				CLANG_WARN_ENUM_CONVERSION = YES;
				CLANG_WARN_INFINITE_RECURSION = YES;
				CLANG_WARN_INT_CONVERSION = YES;
				CLANG_WARN_OBJC_ROOT_CLASS = YES_ERROR;
				CLANG_WARN_SUSPICIOUS_MOVE = YES;
				CLANG_WARN_UNREACHABLE_CODE = YES;
				CLANG_WARN__DUPLICATE_METHOD_MATCH = YES;
				COPY_PHASE_STRIP = NO;
				DEBUG_INFORMATION_FORMAT = "dwarf-with-dsym";
				ENABLE_NS_ASSERTIONS = NO;
				ENABLE_STRICT_OBJC_MSGSEND = YES;
				GCC_C_LANGUAGE_STANDARD = gnu99;
				GCC_NO_COMMON_BLOCKS = YES;
				GCC_WARN_64_TO_32_BIT_CONVERSION = YES;
				GCC_WARN_ABOUT_RETURN_TYPE = YES_ERROR;
				GCC_WARN_UNDECLARED_SELECTOR = YES;
				GCC_WARN_UNINITIALIZED_AUTOS = YES_AGGRESSIVE;
				GCC_WARN_UNUSED_FUNCTION = YES;
				GCC_WARN_UNUSED_VARIABLE = YES;
				MACOSX_DEPLOYMENT_TARGET = 10.12;
				MTL_ENABLE_DEBUG_INFO = NO;
				SDKROOT = macosx;
			};
			name = Release;
		};
		8FB9300F1ACBBC3F00BD7EF2 /* Debug */ = {
			isa = XCBuildConfiguration;
			buildSettings = {
				CLANG_CXX_LANGUAGE_STANDARD = "compiler-default";
				CLANG_CXX_LIBRARY = "compiler-default";
				GCC_C_LANGUAGE_STANDARD = "compiler-default";
				GCC_PREPROCESSOR_DEFINITIONS = (
					"DISCARDPOSTGRES=1",
					"DISCARDMONGO=1",
				);
				PRODUCT_NAME = MacChatScript;
			};
			name = Debug;
		};
		8FB930101ACBBC3F00BD7EF2 /* Release */ = {
			isa = XCBuildConfiguration;
			buildSettings = {
				CLANG_CXX_LANGUAGE_STANDARD = "compiler-default";
				CLANG_CXX_LIBRARY = "compiler-default";
				GCC_C_LANGUAGE_STANDARD = "compiler-default";
				GCC_PREPROCESSOR_DEFINITIONS = (
					"DISCARDPOSTGRES=1",
					"DISCARDMONGO=1",
				);
				PRODUCT_NAME = MacChatScript;
			};
			name = Release;
		};
/* End XCBuildConfiguration section */

/* Begin XCConfigurationList section */
		8FB930021ACBBC3F00BD7EF2 /* Build configuration list for PBXProject "MacChatScript" */ = {
			isa = XCConfigurationList;
			buildConfigurations = (
				8FB9300C1ACBBC3F00BD7EF2 /* Debug */,
				8FB9300D1ACBBC3F00BD7EF2 /* Release */,
			);
			defaultConfigurationIsVisible = 0;
			defaultConfigurationName = Release;
		};
		8FB9300E1ACBBC3F00BD7EF2 /* Build configuration list for PBXNativeTarget "MacChatScript" */ = {
			isa = XCConfigurationList;
			buildConfigurations = (
				8FB9300F1ACBBC3F00BD7EF2 /* Debug */,
				8FB930101ACBBC3F00BD7EF2 /* Release */,
			);
			defaultConfigurationIsVisible = 0;
			defaultConfigurationName = Release;
		};
/* End XCConfigurationList section */
	};
	rootObject = 8FB92FFF1ACBBC3F00BD7EF2 /* Project object */;
}
