// !$*UTF8*$!
{
	archiveVersion = 1;
	classes = {
	};
	objectVersion = 48;
	objects = {

/* Begin PBXBuildFile section */
		8F7F70CB1EBC41EC00744B26 /* libcurl.tbd in Frameworks */ = {isa = PBXBuildFile; fileRef = 8F7F70CA1EBC41EC00744B26 /* libcurl.tbd */; };
		8F7F711B1EBC429800744B26 /* constructCode.cpp in Sources */ = {isa = PBXBuildFile; fileRef = 8F7F70CE1EBC429800744B26 /* constructCode.cpp */; };
		8F7F711C1EBC429800744B26 /* cs_ev.c in Sources */ = {isa = PBXBuildFile; fileRef = 8F7F70D01EBC429800744B26 /* cs_ev.c */; };
		8F7F711D1EBC429800744B26 /* csocket.cpp in Sources */ = {isa = PBXBuildFile; fileRef = 8F7F70D21EBC429800744B26 /* csocket.cpp */; };
		8F7F711E1EBC429800744B26 /* dictionarySystem.cpp in Sources */ = {isa = PBXBuildFile; fileRef = 8F7F70D61EBC429800744B26 /* dictionarySystem.cpp */; };
		8F7F711F1EBC429800744B26 /* english.cpp in Sources */ = {isa = PBXBuildFile; fileRef = 8F7F70D91EBC429800744B26 /* english.cpp */; };
		8F7F71201EBC429800744B26 /* englishTagger.cpp in Sources */ = {isa = PBXBuildFile; fileRef = 8F7F70DB1EBC429800744B26 /* englishTagger.cpp */; };
		8F7F71211EBC429800744B26 /* evserver.cpp in Sources */ = {isa = PBXBuildFile; fileRef = 8F7F70DD1EBC429800744B26 /* evserver.cpp */; };
		8F7F71221EBC429800744B26 /* factSystem.cpp in Sources */ = {isa = PBXBuildFile; fileRef = 8F7F70DF1EBC429800744B26 /* factSystem.cpp */; };
		8F7F71231EBC429800744B26 /* functionExecute.cpp in Sources */ = {isa = PBXBuildFile; fileRef = 8F7F70E11EBC429800744B26 /* functionExecute.cpp */; };
		8F7F71241EBC429800744B26 /* infer.cpp in Sources */ = {isa = PBXBuildFile; fileRef = 8F7F70E41EBC429800744B26 /* infer.cpp */; };
		8F7F71251EBC429800744B26 /* javascript.cpp in Sources */ = {isa = PBXBuildFile; fileRef = 8F7F70E61EBC429800744B26 /* javascript.cpp */; };
		8F7F71261EBC429800744B26 /* jsmn.cpp in Sources */ = {isa = PBXBuildFile; fileRef = 8F7F70E71EBC429800744B26 /* jsmn.cpp */; };
		8F7F71271EBC429800744B26 /* json.cpp in Sources */ = {isa = PBXBuildFile; fileRef = 8F7F70E91EBC429800744B26 /* json.cpp */; };
		8F7F71281EBC429800744B26 /* mainSystem.cpp in Sources */ = {isa = PBXBuildFile; fileRef = 8F7F70EB1EBC429800744B26 /* mainSystem.cpp */; };
		8F7F71291EBC429800744B26 /* Makefile in Sources */ = {isa = PBXBuildFile; fileRef = 8F7F70ED1EBC429800744B26 /* Makefile */; };
		8F7F712A1EBC429800744B26 /* markSystem.cpp in Sources */ = {isa = PBXBuildFile; fileRef = 8F7F70EE1EBC429800744B26 /* markSystem.cpp */; };
		8F7F712B1EBC429800744B26 /* mongodb.cpp in Sources */ = {isa = PBXBuildFile; fileRef = 8F7F70F11EBC429800744B26 /* mongodb.cpp */; };
		8F7F712C1EBC429800744B26 /* mysql.cpp in Sources */ = {isa = PBXBuildFile; fileRef = 8F7F70F71EBC429800744B26 /* mysql.cpp */; };
		8F7F712D1EBC429800744B26 /* os.cpp in Sources */ = {isa = PBXBuildFile; fileRef = 8F7F70F81EBC429800744B26 /* os.cpp */; };
		8F7F712E1EBC429800744B26 /* outputSystem.cpp in Sources */ = {isa = PBXBuildFile; fileRef = 8F7F70FA1EBC429800744B26 /* outputSystem.cpp */; };
		8F7F712F1EBC429800744B26 /* patternSystem.cpp in Sources */ = {isa = PBXBuildFile; fileRef = 8F7F70FC1EBC429800744B26 /* patternSystem.cpp */; };
		8F7F71301EBC429800744B26 /* postgres.cpp in Sources */ = {isa = PBXBuildFile; fileRef = 8F7F70FF1EBC429800744B26 /* postgres.cpp */; };
		8F7F71311EBC429800744B26 /* privatesrc.cpp in Sources */ = {isa = PBXBuildFile; fileRef = 8F7F71011EBC429800744B26 /* privatesrc.cpp */; };
		8F7F71321EBC429800744B26 /* scriptCompile.cpp in Sources */ = {isa = PBXBuildFile; fileRef = 8F7F71031EBC429800744B26 /* scriptCompile.cpp */; };
		8F7F71331EBC429800744B26 /* secure.cpp in Sources */ = {isa = PBXBuildFile; fileRef = 8F7F71051EBC429800744B26 /* secure.cpp */; };
		8F7F71341EBC429800744B26 /* spellcheck.cpp in Sources */ = {isa = PBXBuildFile; fileRef = 8F7F71071EBC429800744B26 /* spellcheck.cpp */; };
		8F7F71351EBC429800744B26 /* systemVariables.cpp in Sources */ = {isa = PBXBuildFile; fileRef = 8F7F71091EBC429800744B26 /* systemVariables.cpp */; };
		8F7F71361EBC429800744B26 /* tagger.cpp in Sources */ = {isa = PBXBuildFile; fileRef = 8F7F710B1EBC429800744B26 /* tagger.cpp */; };
		8F7F71371EBC429800744B26 /* testing.cpp in Sources */ = {isa = PBXBuildFile; fileRef = 8F7F710D1EBC429800744B26 /* testing.cpp */; };
		8F7F71381EBC429800744B26 /* textUtilities.cpp in Sources */ = {isa = PBXBuildFile; fileRef = 8F7F710F1EBC429800744B26 /* textUtilities.cpp */; };
		8F7F71391EBC429800744B26 /* tokenSystem.cpp in Sources */ = {isa = PBXBuildFile; fileRef = 8F7F71111EBC429800744B26 /* tokenSystem.cpp */; };
		8F7F713A1EBC429800744B26 /* topicSystem.cpp in Sources */ = {isa = PBXBuildFile; fileRef = 8F7F71131EBC429800744B26 /* topicSystem.cpp */; };
		8F7F713B1EBC429800744B26 /* userCache.cpp in Sources */ = {isa = PBXBuildFile; fileRef = 8F7F71151EBC429800744B26 /* userCache.cpp */; };
		8F7F713C1EBC429800744B26 /* userSystem.cpp in Sources */ = {isa = PBXBuildFile; fileRef = 8F7F71171EBC429800744B26 /* userSystem.cpp */; };
		8F7F713D1EBC429800744B26 /* variableSystem.cpp in Sources */ = {isa = PBXBuildFile; fileRef = 8F7F71191EBC429800744B26 /* variableSystem.cpp */; };
/* End PBXBuildFile section */

/* Begin PBXCopyFilesBuildPhase section */
		8F7F70C11EBC41AD00744B26 /* CopyFiles */ = {
			isa = PBXCopyFilesBuildPhase;
			buildActionMask = 2147483647;
			dstPath = /usr/share/man/man1/;
			dstSubfolderSpec = 0;
			files = (
			);
			runOnlyForDeploymentPostprocessing = 1;
		};
/* End PBXCopyFilesBuildPhase section */

/* Begin PBXFileReference section */
		8F7F70C31EBC41AD00744B26 /* MacChatScript */ = {isa = PBXFileReference; explicitFileType = "compiled.mach-o.executable"; includeInIndex = 0; path = MacChatScript; sourceTree = BUILT_PRODUCTS_DIR; };
		8F7F70CA1EBC41EC00744B26 /* libcurl.tbd */ = {isa = PBXFileReference; lastKnownFileType = "sourcecode.text-based-dylib-definition"; name = libcurl.tbd; path = usr/lib/libcurl.tbd; sourceTree = SDKROOT; };
		8F7F70CC1EBC429800744B26 /* common.h */ = {isa = PBXFileReference; fileEncoding = 4; lastKnownFileType = sourcecode.c.h; name = common.h; path = ../../SRC/common.h; sourceTree = "<group>"; };
		8F7F70CD1EBC429800744B26 /* common1.h */ = {isa = PBXFileReference; fileEncoding = 4; lastKnownFileType = sourcecode.c.h; name = common1.h; path = ../../SRC/common1.h; sourceTree = "<group>"; };
		8F7F70CE1EBC429800744B26 /* constructCode.cpp */ = {isa = PBXFileReference; fileEncoding = 4; lastKnownFileType = sourcecode.cpp.cpp; name = constructCode.cpp; path = ../../SRC/constructCode.cpp; sourceTree = "<group>"; };
		8F7F70CF1EBC429800744B26 /* constructCode.h */ = {isa = PBXFileReference; fileEncoding = 4; lastKnownFileType = sourcecode.c.h; name = constructCode.h; path = ../../SRC/constructCode.h; sourceTree = "<group>"; };
		8F7F70D01EBC429800744B26 /* cs_ev.c */ = {isa = PBXFileReference; fileEncoding = 4; lastKnownFileType = sourcecode.c.c; name = cs_ev.c; path = ../../SRC/cs_ev.c; sourceTree = "<group>"; };
		8F7F70D11EBC429800744B26 /* cs_ev.h */ = {isa = PBXFileReference; fileEncoding = 4; lastKnownFileType = sourcecode.c.h; name = cs_ev.h; path = ../../SRC/cs_ev.h; sourceTree = "<group>"; };
		8F7F70D21EBC429800744B26 /* csocket.cpp */ = {isa = PBXFileReference; fileEncoding = 4; lastKnownFileType = sourcecode.cpp.cpp; name = csocket.cpp; path = ../../SRC/csocket.cpp; sourceTree = "<group>"; };
		8F7F70D31EBC429800744B26 /* csocket.h */ = {isa = PBXFileReference; fileEncoding = 4; lastKnownFileType = sourcecode.c.h; name = csocket.h; path = ../../SRC/csocket.h; sourceTree = "<group>"; };
		8F7F70D41EBC429800744B26 /* curl */ = {isa = PBXFileReference; lastKnownFileType = folder; name = curl; path = ../../SRC/curl; sourceTree = "<group>"; };
		8F7F70D51EBC429800744B26 /* dictionaryMore.h */ = {isa = PBXFileReference; fileEncoding = 4; lastKnownFileType = sourcecode.c.h; name = dictionaryMore.h; path = ../../SRC/dictionaryMore.h; sourceTree = "<group>"; };
		8F7F70D61EBC429800744B26 /* dictionarySystem.cpp */ = {isa = PBXFileReference; fileEncoding = 4; lastKnownFileType = sourcecode.cpp.cpp; name = dictionarySystem.cpp; path = ../../SRC/dictionarySystem.cpp; sourceTree = "<group>"; };
		8F7F70D71EBC429800744B26 /* dictionarySystem.h */ = {isa = PBXFileReference; fileEncoding = 4; lastKnownFileType = sourcecode.c.h; name = dictionarySystem.h; path = ../../SRC/dictionarySystem.h; sourceTree = "<group>"; };
		8F7F70D81EBC429800744B26 /* duktape */ = {isa = PBXFileReference; lastKnownFileType = folder; name = duktape; path = ../../SRC/duktape; sourceTree = "<group>"; };
		8F7F70D91EBC429800744B26 /* english.cpp */ = {isa = PBXFileReference; fileEncoding = 4; lastKnownFileType = sourcecode.cpp.cpp; name = english.cpp; path = ../../SRC/english.cpp; sourceTree = "<group>"; };
		8F7F70DA1EBC429800744B26 /* english.h */ = {isa = PBXFileReference; fileEncoding = 4; lastKnownFileType = sourcecode.c.h; name = english.h; path = ../../SRC/english.h; sourceTree = "<group>"; };
		8F7F70DB1EBC429800744B26 /* englishTagger.cpp */ = {isa = PBXFileReference; fileEncoding = 4; lastKnownFileType = sourcecode.cpp.cpp; name = englishTagger.cpp; path = ../../SRC/englishTagger.cpp; sourceTree = "<group>"; };
		8F7F70DC1EBC429800744B26 /* evserver */ = {isa = PBXFileReference; lastKnownFileType = folder; name = evserver; path = ../../SRC/evserver; sourceTree = "<group>"; };
		8F7F70DD1EBC429800744B26 /* evserver.cpp */ = {isa = PBXFileReference; fileEncoding = 4; lastKnownFileType = sourcecode.cpp.cpp; name = evserver.cpp; path = ../../SRC/evserver.cpp; sourceTree = "<group>"; };
		8F7F70DE1EBC429800744B26 /* evserver.h */ = {isa = PBXFileReference; fileEncoding = 4; lastKnownFileType = sourcecode.c.h; name = evserver.h; path = ../../SRC/evserver.h; sourceTree = "<group>"; };
		8F7F70DF1EBC429800744B26 /* factSystem.cpp */ = {isa = PBXFileReference; fileEncoding = 4; lastKnownFileType = sourcecode.cpp.cpp; name = factSystem.cpp; path = ../../SRC/factSystem.cpp; sourceTree = "<group>"; };
		8F7F70E01EBC429800744B26 /* factSystem.h */ = {isa = PBXFileReference; fileEncoding = 4; lastKnownFileType = sourcecode.c.h; name = factSystem.h; path = ../../SRC/factSystem.h; sourceTree = "<group>"; };
		8F7F70E11EBC429800744B26 /* functionExecute.cpp */ = {isa = PBXFileReference; fileEncoding = 4; lastKnownFileType = sourcecode.cpp.cpp; name = functionExecute.cpp; path = ../../SRC/functionExecute.cpp; sourceTree = "<group>"; };
		8F7F70E21EBC429800744B26 /* functionExecute.h */ = {isa = PBXFileReference; fileEncoding = 4; lastKnownFileType = sourcecode.c.h; name = functionExecute.h; path = ../../SRC/functionExecute.h; sourceTree = "<group>"; };
		8F7F70E31EBC429800744B26 /* include */ = {isa = PBXFileReference; lastKnownFileType = folder; name = include; path = ../../SRC/include; sourceTree = "<group>"; };
		8F7F70E41EBC429800744B26 /* infer.cpp */ = {isa = PBXFileReference; fileEncoding = 4; lastKnownFileType = sourcecode.cpp.cpp; name = infer.cpp; path = ../../SRC/infer.cpp; sourceTree = "<group>"; };
		8F7F70E51EBC429800744B26 /* infer.h */ = {isa = PBXFileReference; fileEncoding = 4; lastKnownFileType = sourcecode.c.h; name = infer.h; path = ../../SRC/infer.h; sourceTree = "<group>"; };
		8F7F70E61EBC429800744B26 /* javascript.cpp */ = {isa = PBXFileReference; fileEncoding = 4; lastKnownFileType = sourcecode.cpp.cpp; name = javascript.cpp; path = ../../SRC/javascript.cpp; sourceTree = "<group>"; };
		8F7F70E71EBC429800744B26 /* jsmn.cpp */ = {isa = PBXFileReference; fileEncoding = 4; lastKnownFileType = sourcecode.cpp.cpp; name = jsmn.cpp; path = ../../SRC/jsmn.cpp; sourceTree = "<group>"; };
		8F7F70E81EBC429800744B26 /* jsmn.h */ = {isa = PBXFileReference; fileEncoding = 4; lastKnownFileType = sourcecode.c.h; name = jsmn.h; path = ../../SRC/jsmn.h; sourceTree = "<group>"; };
		8F7F70E91EBC429800744B26 /* json.cpp */ = {isa = PBXFileReference; fileEncoding = 4; lastKnownFileType = sourcecode.cpp.cpp; name = json.cpp; path = ../../SRC/json.cpp; sourceTree = "<group>"; };
		8F7F70EA1EBC429800744B26 /* json.h */ = {isa = PBXFileReference; fileEncoding = 4; lastKnownFileType = sourcecode.c.h; name = json.h; path = ../../SRC/json.h; sourceTree = "<group>"; };
		8F7F70EB1EBC429800744B26 /* mainSystem.cpp */ = {isa = PBXFileReference; fileEncoding = 4; lastKnownFileType = sourcecode.cpp.cpp; name = mainSystem.cpp; path = ../../SRC/mainSystem.cpp; sourceTree = "<group>"; };
		8F7F70EC1EBC429800744B26 /* mainSystem.h */ = {isa = PBXFileReference; fileEncoding = 4; lastKnownFileType = sourcecode.c.h; name = mainSystem.h; path = ../../SRC/mainSystem.h; sourceTree = "<group>"; };
		8F7F70ED1EBC429800744B26 /* Makefile */ = {isa = PBXFileReference; fileEncoding = 4; lastKnownFileType = sourcecode.make; name = Makefile; path = ../../SRC/Makefile; sourceTree = "<group>"; };
		8F7F70EE1EBC429800744B26 /* markSystem.cpp */ = {isa = PBXFileReference; fileEncoding = 4; lastKnownFileType = sourcecode.cpp.cpp; name = markSystem.cpp; path = ../../SRC/markSystem.cpp; sourceTree = "<group>"; };
		8F7F70EF1EBC429800744B26 /* markSystem.h */ = {isa = PBXFileReference; fileEncoding = 4; lastKnownFileType = sourcecode.c.h; name = markSystem.h; path = ../../SRC/markSystem.h; sourceTree = "<group>"; };
		8F7F70F01EBC429800744B26 /* mongo */ = {isa = PBXFileReference; lastKnownFileType = folder; name = mongo; path = ../../SRC/mongo; sourceTree = "<group>"; };
		8F7F70F11EBC429800744B26 /* mongodb.cpp */ = {isa = PBXFileReference; fileEncoding = 4; lastKnownFileType = sourcecode.cpp.cpp; name = mongodb.cpp; path = ../../SRC/mongodb.cpp; sourceTree = "<group>"; };
		8F7F70F21EBC429800744B26 /* mongodb.h */ = {isa = PBXFileReference; fileEncoding = 4; lastKnownFileType = sourcecode.c.h; name = mongodb.h; path = ../../SRC/mongodb.h; sourceTree = "<group>"; };
		8F7F70F31EBC429800744B26 /* mprintf.h */ = {isa = PBXFileReference; fileEncoding = 4; lastKnownFileType = sourcecode.c.h; name = mprintf.h; path = ../../SRC/mprintf.h; sourceTree = "<group>"; };
		8F7F70F41EBC429800744B26 /* multi.h */ = {isa = PBXFileReference; fileEncoding = 4; lastKnownFileType = sourcecode.c.h; name = multi.h; path = ../../SRC/multi.h; sourceTree = "<group>"; };
		8F7F70F51EBC429800744B26 /* my_sql.h */ = {isa = PBXFileReference; fileEncoding = 4; lastKnownFileType = sourcecode.c.h; name = my_sql.h; path = ../../SRC/my_sql.h; sourceTree = "<group>"; };
		8F7F70F61EBC429800744B26 /* mysql */ = {isa = PBXFileReference; lastKnownFileType = folder; name = mysql; path = ../../SRC/mysql; sourceTree = "<group>"; };
		8F7F70F71EBC429800744B26 /* mysql.cpp */ = {isa = PBXFileReference; fileEncoding = 4; lastKnownFileType = sourcecode.cpp.cpp; name = mysql.cpp; path = ../../SRC/mysql.cpp; sourceTree = "<group>"; };
		8F7F70F81EBC429800744B26 /* os.cpp */ = {isa = PBXFileReference; fileEncoding = 4; lastKnownFileType = sourcecode.cpp.cpp; name = os.cpp; path = ../../SRC/os.cpp; sourceTree = "<group>"; };
		8F7F70F91EBC429800744B26 /* os.h */ = {isa = PBXFileReference; fileEncoding = 4; lastKnownFileType = sourcecode.c.h; name = os.h; path = ../../SRC/os.h; sourceTree = "<group>"; };
		8F7F70FA1EBC429800744B26 /* outputSystem.cpp */ = {isa = PBXFileReference; fileEncoding = 4; lastKnownFileType = sourcecode.cpp.cpp; name = outputSystem.cpp; path = ../../SRC/outputSystem.cpp; sourceTree = "<group>"; };
		8F7F70FB1EBC429800744B26 /* outputSystem.h */ = {isa = PBXFileReference; fileEncoding = 4; lastKnownFileType = sourcecode.c.h; name = outputSystem.h; path = ../../SRC/outputSystem.h; sourceTree = "<group>"; };
		8F7F70FC1EBC429800744B26 /* patternSystem.cpp */ = {isa = PBXFileReference; fileEncoding = 4; lastKnownFileType = sourcecode.cpp.cpp; name = patternSystem.cpp; path = ../../SRC/patternSystem.cpp; sourceTree = "<group>"; };
		8F7F70FD1EBC429800744B26 /* patternSystem.h */ = {isa = PBXFileReference; fileEncoding = 4; lastKnownFileType = sourcecode.c.h; name = patternSystem.h; path = ../../SRC/patternSystem.h; sourceTree = "<group>"; };
		8F7F70FE1EBC429800744B26 /* postgres */ = {isa = PBXFileReference; lastKnownFileType = folder; name = postgres; path = ../../SRC/postgres; sourceTree = "<group>"; };
		8F7F70FF1EBC429800744B26 /* postgres.cpp */ = {isa = PBXFileReference; fileEncoding = 4; lastKnownFileType = sourcecode.cpp.cpp; name = postgres.cpp; path = ../../SRC/postgres.cpp; sourceTree = "<group>"; };
		8F7F71001EBC429800744B26 /* postgres.h */ = {isa = PBXFileReference; fileEncoding = 4; lastKnownFileType = sourcecode.c.h; name = postgres.h; path = ../../SRC/postgres.h; sourceTree = "<group>"; };
		8F7F71011EBC429800744B26 /* privatesrc.cpp */ = {isa = PBXFileReference; fileEncoding = 4; lastKnownFileType = sourcecode.cpp.cpp; name = privatesrc.cpp; path = ../../SRC/privatesrc.cpp; sourceTree = "<group>"; };
		8F7F71021EBC429800744B26 /* privatesrc.h */ = {isa = PBXFileReference; fileEncoding = 4; lastKnownFileType = sourcecode.c.h; name = privatesrc.h; path = ../../SRC/privatesrc.h; sourceTree = "<group>"; };
		8F7F71031EBC429800744B26 /* scriptCompile.cpp */ = {isa = PBXFileReference; fileEncoding = 4; lastKnownFileType = sourcecode.cpp.cpp; name = scriptCompile.cpp; path = ../../SRC/scriptCompile.cpp; sourceTree = "<group>"; };
		8F7F71041EBC429800744B26 /* scriptCompile.h */ = {isa = PBXFileReference; fileEncoding = 4; lastKnownFileType = sourcecode.c.h; name = scriptCompile.h; path = ../../SRC/scriptCompile.h; sourceTree = "<group>"; };
		8F7F71051EBC429800744B26 /* secure.cpp */ = {isa = PBXFileReference; fileEncoding = 4; lastKnownFileType = sourcecode.cpp.cpp; name = secure.cpp; path = ../../SRC/secure.cpp; sourceTree = "<group>"; };
		8F7F71061EBC429800744B26 /* SERVER BATCH FILES */ = {isa = PBXFileReference; lastKnownFileType = folder; name = "SERVER BATCH FILES"; path = "../../SRC/SERVER BATCH FILES"; sourceTree = "<group>"; };
		8F7F71071EBC429800744B26 /* spellcheck.cpp */ = {isa = PBXFileReference; fileEncoding = 4; lastKnownFileType = sourcecode.cpp.cpp; name = spellcheck.cpp; path = ../../SRC/spellcheck.cpp; sourceTree = "<group>"; };
		8F7F71081EBC429800744B26 /* spellcheck.h */ = {isa = PBXFileReference; fileEncoding = 4; lastKnownFileType = sourcecode.c.h; name = spellcheck.h; path = ../../SRC/spellcheck.h; sourceTree = "<group>"; };
		8F7F71091EBC429800744B26 /* systemVariables.cpp */ = {isa = PBXFileReference; fileEncoding = 4; lastKnownFileType = sourcecode.cpp.cpp; name = systemVariables.cpp; path = ../../SRC/systemVariables.cpp; sourceTree = "<group>"; };
		8F7F710A1EBC429800744B26 /* systemVariables.h */ = {isa = PBXFileReference; fileEncoding = 4; lastKnownFileType = sourcecode.c.h; name = systemVariables.h; path = ../../SRC/systemVariables.h; sourceTree = "<group>"; };
		8F7F710B1EBC429800744B26 /* tagger.cpp */ = {isa = PBXFileReference; fileEncoding = 4; lastKnownFileType = sourcecode.cpp.cpp; name = tagger.cpp; path = ../../SRC/tagger.cpp; sourceTree = "<group>"; };
		8F7F710C1EBC429800744B26 /* tagger.h */ = {isa = PBXFileReference; fileEncoding = 4; lastKnownFileType = sourcecode.c.h; name = tagger.h; path = ../../SRC/tagger.h; sourceTree = "<group>"; };
		8F7F710D1EBC429800744B26 /* testing.cpp */ = {isa = PBXFileReference; fileEncoding = 4; lastKnownFileType = sourcecode.cpp.cpp; name = testing.cpp; path = ../../SRC/testing.cpp; sourceTree = "<group>"; };
		8F7F710E1EBC429800744B26 /* testing.h */ = {isa = PBXFileReference; fileEncoding = 4; lastKnownFileType = sourcecode.c.h; name = testing.h; path = ../../SRC/testing.h; sourceTree = "<group>"; };
		8F7F710F1EBC429800744B26 /* textUtilities.cpp */ = {isa = PBXFileReference; fileEncoding = 4; lastKnownFileType = sourcecode.cpp.cpp; name = textUtilities.cpp; path = ../../SRC/textUtilities.cpp; sourceTree = "<group>"; };
		8F7F71101EBC429800744B26 /* textUtilities.h */ = {isa = PBXFileReference; fileEncoding = 4; lastKnownFileType = sourcecode.c.h; name = textUtilities.h; path = ../../SRC/textUtilities.h; sourceTree = "<group>"; };
		8F7F71111EBC429800744B26 /* tokenSystem.cpp */ = {isa = PBXFileReference; fileEncoding = 4; lastKnownFileType = sourcecode.cpp.cpp; name = tokenSystem.cpp; path = ../../SRC/tokenSystem.cpp; sourceTree = "<group>"; };
		8F7F71121EBC429800744B26 /* tokenSystem.h */ = {isa = PBXFileReference; fileEncoding = 4; lastKnownFileType = sourcecode.c.h; name = tokenSystem.h; path = ../../SRC/tokenSystem.h; sourceTree = "<group>"; };
		8F7F71131EBC429800744B26 /* topicSystem.cpp */ = {isa = PBXFileReference; fileEncoding = 4; lastKnownFileType = sourcecode.cpp.cpp; name = topicSystem.cpp; path = ../../SRC/topicSystem.cpp; sourceTree = "<group>"; };
		8F7F71141EBC429800744B26 /* topicSystem.h */ = {isa = PBXFileReference; fileEncoding = 4; lastKnownFileType = sourcecode.c.h; name = topicSystem.h; path = ../../SRC/topicSystem.h; sourceTree = "<group>"; };
		8F7F71151EBC429800744B26 /* userCache.cpp */ = {isa = PBXFileReference; fileEncoding = 4; lastKnownFileType = sourcecode.cpp.cpp; name = userCache.cpp; path = ../../SRC/userCache.cpp; sourceTree = "<group>"; };
		8F7F71161EBC429800744B26 /* userCache.h */ = {isa = PBXFileReference; fileEncoding = 4; lastKnownFileType = sourcecode.c.h; name = userCache.h; path = ../../SRC/userCache.h; sourceTree = "<group>"; };
		8F7F71171EBC429800744B26 /* userSystem.cpp */ = {isa = PBXFileReference; fileEncoding = 4; lastKnownFileType = sourcecode.cpp.cpp; name = userSystem.cpp; path = ../../SRC/userSystem.cpp; sourceTree = "<group>"; };
		8F7F71181EBC429800744B26 /* userSystem.h */ = {isa = PBXFileReference; fileEncoding = 4; lastKnownFileType = sourcecode.c.h; name = userSystem.h; path = ../../SRC/userSystem.h; sourceTree = "<group>"; };
		8F7F71191EBC429800744B26 /* variableSystem.cpp */ = {isa = PBXFileReference; fileEncoding = 4; lastKnownFileType = sourcecode.cpp.cpp; name = variableSystem.cpp; path = ../../SRC/variableSystem.cpp; sourceTree = "<group>"; };
		8F7F711A1EBC429800744B26 /* variableSystem.h */ = {isa = PBXFileReference; fileEncoding = 4; lastKnownFileType = sourcecode.c.h; name = variableSystem.h; path = ../../SRC/variableSystem.h; sourceTree = "<group>"; };
/* End PBXFileReference section */

/* Begin PBXFrameworksBuildPhase section */
		8F7F70C01EBC41AD00744B26 /* Frameworks */ = {
			isa = PBXFrameworksBuildPhase;
			buildActionMask = 2147483647;
			files = (
				8F7F70CB1EBC41EC00744B26 /* libcurl.tbd in Frameworks */,
			);
			runOnlyForDeploymentPostprocessing = 0;
		};
/* End PBXFrameworksBuildPhase section */

/* Begin PBXGroup section */
		8F2A54AB1C606DB700305D6A /* Source */ = {
			isa = PBXGroup;
			children = (
				8F7F70CC1EBC429800744B26 /* common.h */,
				8F7F70CD1EBC429800744B26 /* common1.h */,
				8F7F70CE1EBC429800744B26 /* constructCode.cpp */,
				8F7F70CF1EBC429800744B26 /* constructCode.h */,
				8F7F70D01EBC429800744B26 /* cs_ev.c */,
				8F7F70D11EBC429800744B26 /* cs_ev.h */,
				8F7F70D21EBC429800744B26 /* csocket.cpp */,
				8F7F70D31EBC429800744B26 /* csocket.h */,
				8F7F70D41EBC429800744B26 /* curl */,
				8F7F70D51EBC429800744B26 /* dictionaryMore.h */,
				8F7F70D61EBC429800744B26 /* dictionarySystem.cpp */,
				8F7F70D71EBC429800744B26 /* dictionarySystem.h */,
				8F7F70D81EBC429800744B26 /* duktape */,
				8F7F70D91EBC429800744B26 /* english.cpp */,
				8F7F70DA1EBC429800744B26 /* english.h */,
				8F7F70DB1EBC429800744B26 /* englishTagger.cpp */,
				8F7F70DC1EBC429800744B26 /* evserver */,
				8F7F70DD1EBC429800744B26 /* evserver.cpp */,
				8F7F70DE1EBC429800744B26 /* evserver.h */,
				8F7F70DF1EBC429800744B26 /* factSystem.cpp */,
				8F7F70E01EBC429800744B26 /* factSystem.h */,
				8F7F70E11EBC429800744B26 /* functionExecute.cpp */,
				8F7F70E21EBC429800744B26 /* functionExecute.h */,
				8F7F70E31EBC429800744B26 /* include */,
				8F7F70E41EBC429800744B26 /* infer.cpp */,
				8F7F70E51EBC429800744B26 /* infer.h */,
				8F7F70E61EBC429800744B26 /* javascript.cpp */,
				8F7F70E71EBC429800744B26 /* jsmn.cpp */,
				8F7F70E81EBC429800744B26 /* jsmn.h */,
				8F7F70E91EBC429800744B26 /* json.cpp */,
				8F7F70EA1EBC429800744B26 /* json.h */,
				8F7F70EB1EBC429800744B26 /* mainSystem.cpp */,
				8F7F70EC1EBC429800744B26 /* mainSystem.h */,
				8F7F70ED1EBC429800744B26 /* Makefile */,
				8F7F70EE1EBC429800744B26 /* markSystem.cpp */,
				8F7F70EF1EBC429800744B26 /* markSystem.h */,
				8F7F70F01EBC429800744B26 /* mongo */,
				8F7F70F11EBC429800744B26 /* mongodb.cpp */,
				8F7F70F21EBC429800744B26 /* mongodb.h */,
				8F7F70F31EBC429800744B26 /* mprintf.h */,
				8F7F70F41EBC429800744B26 /* multi.h */,
				8F7F70F51EBC429800744B26 /* my_sql.h */,
				8F7F70F61EBC429800744B26 /* mysql */,
				8F7F70F71EBC429800744B26 /* mysql.cpp */,
				8F7F70F81EBC429800744B26 /* os.cpp */,
				8F7F70F91EBC429800744B26 /* os.h */,
				8F7F70FA1EBC429800744B26 /* outputSystem.cpp */,
				8F7F70FB1EBC429800744B26 /* outputSystem.h */,
				8F7F70FC1EBC429800744B26 /* patternSystem.cpp */,
				8F7F70FD1EBC429800744B26 /* patternSystem.h */,
				8F7F70FE1EBC429800744B26 /* postgres */,
				8F7F70FF1EBC429800744B26 /* postgres.cpp */,
				8F7F71001EBC429800744B26 /* postgres.h */,
				8F7F71011EBC429800744B26 /* privatesrc.cpp */,
				8F7F71021EBC429800744B26 /* privatesrc.h */,
				8F7F71031EBC429800744B26 /* scriptCompile.cpp */,
				8F7F71041EBC429800744B26 /* scriptCompile.h */,
				8F7F71051EBC429800744B26 /* secure.cpp */,
				8F7F71061EBC429800744B26 /* SERVER BATCH FILES */,
				8F7F71071EBC429800744B26 /* spellcheck.cpp */,
				8F7F71081EBC429800744B26 /* spellcheck.h */,
				8F7F71091EBC429800744B26 /* systemVariables.cpp */,
				8F7F710A1EBC429800744B26 /* systemVariables.h */,
				8F7F710B1EBC429800744B26 /* tagger.cpp */,
				8F7F710C1EBC429800744B26 /* tagger.h */,
				8F7F710D1EBC429800744B26 /* testing.cpp */,
				8F7F710E1EBC429800744B26 /* testing.h */,
				8F7F710F1EBC429800744B26 /* textUtilities.cpp */,
				8F7F71101EBC429800744B26 /* textUtilities.h */,
				8F7F71111EBC429800744B26 /* tokenSystem.cpp */,
				8F7F71121EBC429800744B26 /* tokenSystem.h */,
				8F7F71131EBC429800744B26 /* topicSystem.cpp */,
				8F7F71141EBC429800744B26 /* topicSystem.h */,
				8F7F71151EBC429800744B26 /* userCache.cpp */,
				8F7F71161EBC429800744B26 /* userCache.h */,
				8F7F71171EBC429800744B26 /* userSystem.cpp */,
				8F7F71181EBC429800744B26 /* userSystem.h */,
				8F7F71191EBC429800744B26 /* variableSystem.cpp */,
				8F7F711A1EBC429800744B26 /* variableSystem.h */,
			);
			name = Source;
			sourceTree = "<group>";
		};
		8FB92FFE1ACBBC3F00BD7EF2 = {
			isa = PBXGroup;
			children = (
				8F2A54AB1C606DB700305D6A /* Source */,
				8FB930081ACBBC3F00BD7EF2 /* Products */,
				8FCEF5681E0B7540004B6762 /* Frameworks */,
			);
			sourceTree = "<group>";
		};
		8FB930081ACBBC3F00BD7EF2 /* Products */ = {
			isa = PBXGroup;
			children = (
				8F7F70C31EBC41AD00744B26 /* MacChatScript */,
			);
			name = Products;
			sourceTree = "<group>";
		};
		8FCEF5681E0B7540004B6762 /* Frameworks */ = {
			isa = PBXGroup;
			children = (
				8F7F70CA1EBC41EC00744B26 /* libcurl.tbd */,
			);
			name = Frameworks;
			sourceTree = "<group>";
		};
/* End PBXGroup section */

/* Begin PBXNativeTarget section */
		8F7F70C21EBC41AD00744B26 /* MacChatScript */ = {
			isa = PBXNativeTarget;
			buildConfigurationList = 8F7F70C71EBC41AE00744B26 /* Build configuration list for PBXNativeTarget "MacChatScript" */;
			buildPhases = (
				8F7F70BF1EBC41AD00744B26 /* Sources */,
				8F7F70C01EBC41AD00744B26 /* Frameworks */,
				8F7F70C11EBC41AD00744B26 /* CopyFiles */,
			);
			buildRules = (
			);
			dependencies = (
			);
			name = MacChatScript;
			productName = MacChatScript;
			productReference = 8F7F70C31EBC41AD00744B26 /* MacChatScript */;
			productType = "com.apple.product-type.tool";
		};
/* End PBXNativeTarget section */

/* Begin PBXProject section */
		8FB92FFF1ACBBC3F00BD7EF2 /* Project object */ = {
			isa = PBXProject;
			attributes = {
				LastUpgradeCheck = 0830;
				ORGANIZATIONNAME = "Bruce Wilcox";
				TargetAttributes = {
					8F7F70C21EBC41AD00744B26 = {
						CreatedOnToolsVersion = 8.3.2;
						ProvisioningStyle = Automatic;
					};
				};
			};
			buildConfigurationList = 8FB930021ACBBC3F00BD7EF2 /* Build configuration list for PBXProject "MacChatScript" */;
			compatibilityVersion = "Xcode 8.0";
			developmentRegion = English;
			hasScannedForEncodings = 0;
			knownRegions = (
				en,
			);
			mainGroup = 8FB92FFE1ACBBC3F00BD7EF2;
			productRefGroup = 8FB930081ACBBC3F00BD7EF2 /* Products */;
			projectDirPath = "";
			projectRoot = "";
			targets = (
				8F7F70C21EBC41AD00744B26 /* MacChatScript */,
			);
		};
/* End PBXProject section */

/* Begin PBXSourcesBuildPhase section */
		8F7F70BF1EBC41AD00744B26 /* Sources */ = {
			isa = PBXSourcesBuildPhase;
			buildActionMask = 2147483647;
			files = (
				8F7F71321EBC429800744B26 /* scriptCompile.cpp in Sources */,
				8F7F71291EBC429800744B26 /* Makefile in Sources */,
				8F7F71311EBC429800744B26 /* privatesrc.cpp in Sources */,
				8F7F71231EBC429800744B26 /* functionExecute.cpp in Sources */,
				8F7F713A1EBC429800744B26 /* topicSystem.cpp in Sources */,
				8F7F712C1EBC429800744B26 /* mysql.cpp in Sources */,
				8F7F71201EBC429800744B26 /* englishTagger.cpp in Sources */,
				8F7F711E1EBC429800744B26 /* dictionarySystem.cpp in Sources */,
				8F7F71281EBC429800744B26 /* mainSystem.cpp in Sources */,
				8F7F712D1EBC429800744B26 /* os.cpp in Sources */,
				8F7F712E1EBC429800744B26 /* outputSystem.cpp in Sources */,
				8F7F71301EBC429800744B26 /* postgres.cpp in Sources */,
				8F7F71221EBC429800744B26 /* factSystem.cpp in Sources */,
				8F7F713C1EBC429800744B26 /* userSystem.cpp in Sources */,
				8F7F71271EBC429800744B26 /* json.cpp in Sources */,
				8F7F712F1EBC429800744B26 /* patternSystem.cpp in Sources */,
				8F7F71331EBC429800744B26 /* secure.cpp in Sources */,
				8F7F71381EBC429800744B26 /* textUtilities.cpp in Sources */,
				8F7F712B1EBC429800744B26 /* mongodb.cpp in Sources */,
				8F7F71211EBC429800744B26 /* evserver.cpp in Sources */,
				8F7F71361EBC429800744B26 /* tagger.cpp in Sources */,
				8F7F71341EBC429800744B26 /* spellcheck.cpp in Sources */,
				8F7F713B1EBC429800744B26 /* userCache.cpp in Sources */,
				8F7F71261EBC429800744B26 /* jsmn.cpp in Sources */,
				8F7F711C1EBC429800744B26 /* cs_ev.c in Sources */,
				8F7F71241EBC429800744B26 /* infer.cpp in Sources */,
				8F7F711D1EBC429800744B26 /* csocket.cpp in Sources */,
				8F7F71371EBC429800744B26 /* testing.cpp in Sources */,
				8F7F711B1EBC429800744B26 /* constructCode.cpp in Sources */,
				8F7F71251EBC429800744B26 /* javascript.cpp in Sources */,
				8F7F711F1EBC429800744B26 /* english.cpp in Sources */,
				8F7F713D1EBC429800744B26 /* variableSystem.cpp in Sources */,
				8F7F712A1EBC429800744B26 /* markSystem.cpp in Sources */,
				8F7F71351EBC429800744B26 /* systemVariables.cpp in Sources */,
				8F7F71391EBC429800744B26 /* tokenSystem.cpp in Sources */,
			);
			runOnlyForDeploymentPostprocessing = 0;
		};
/* End PBXSourcesBuildPhase section */

/* Begin XCBuildConfiguration section */
		8F7F70C81EBC41AE00744B26 /* Debug */ = {
			isa = XCBuildConfiguration;
			buildSettings = {
				ALWAYS_SEARCH_USER_PATHS = NO;
				CLANG_ANALYZER_NONNULL = YES;
				CLANG_ANALYZER_NUMBER_OBJECT_CONVERSION = YES_AGGRESSIVE;
				CLANG_CXX_LANGUAGE_STANDARD = "gnu++0x";
				CLANG_CXX_LIBRARY = "libc++";
				CLANG_ENABLE_OBJC_ARC = YES;
				CLANG_WARN_DOCUMENTATION_COMMENTS = YES;
				CLANG_WARN_OBJC_ROOT_CLASS = YES_ERROR;
				CLANG_WARN_SUSPICIOUS_MOVE = YES;
				CLANG_WARN__DUPLICATE_METHOD_MATCH = YES;
				CODE_SIGN_IDENTITY = "-";
				DEBUG_INFORMATION_FORMAT = dwarf;
				ENABLE_STRICT_OBJC_MSGSEND = YES;
				GCC_C_LANGUAGE_STANDARD = gnu99;
				GCC_OPTIMIZATION_LEVEL = 0;
				GCC_PREPROCESSOR_DEFINITIONS = (
					"DEBUG=1",
					"$(inherited)",
				);
				GCC_WARN_UNDECLARED_SELECTOR = YES;
				MTL_ENABLE_DEBUG_INFO = YES;
				PRODUCT_NAME = "$(TARGET_NAME)";
			};
			name = Debug;
		};
		8F7F70C91EBC41AE00744B26 /* Release */ = {
			isa = XCBuildConfiguration;
			buildSettings = {
				ALWAYS_SEARCH_USER_PATHS = NO;
				CLANG_ANALYZER_NONNULL = YES;
				CLANG_ANALYZER_NUMBER_OBJECT_CONVERSION = YES_AGGRESSIVE;
				CLANG_CXX_LANGUAGE_STANDARD = "gnu++0x";
				CLANG_CXX_LIBRARY = "libc++";
				CLANG_ENABLE_OBJC_ARC = YES;
				CLANG_WARN_DOCUMENTATION_COMMENTS = YES;
				CLANG_WARN_OBJC_ROOT_CLASS = YES_ERROR;
				CLANG_WARN_SUSPICIOUS_MOVE = YES;
				CLANG_WARN__DUPLICATE_METHOD_MATCH = YES;
				CODE_SIGN_IDENTITY = "-";
				ENABLE_NS_ASSERTIONS = NO;
				ENABLE_STRICT_OBJC_MSGSEND = YES;
				GCC_C_LANGUAGE_STANDARD = gnu99;
				GCC_WARN_UNDECLARED_SELECTOR = YES;
				MTL_ENABLE_DEBUG_INFO = NO;
				PRODUCT_NAME = "$(TARGET_NAME)";
			};
			name = Release;
		};
		8FB9300C1ACBBC3F00BD7EF2 /* Debug */ = {
			isa = XCBuildConfiguration;
			buildSettings = {
				ALWAYS_SEARCH_USER_PATHS = YES;
				CLANG_CXX_LANGUAGE_STANDARD = "c++0x";
				CLANG_CXX_LIBRARY = "compiler-default";
				CLANG_ENABLE_MODULES = YES;
				CLANG_ENABLE_OBJC_ARC = NO;
				CLANG_WARN_BOOL_CONVERSION = YES;
				CLANG_WARN_CONSTANT_CONVERSION = YES;
				CLANG_WARN_DIRECT_OBJC_ISA_USAGE = YES_ERROR;
				CLANG_WARN_EMPTY_BODY = YES;
				CLANG_WARN_ENUM_CONVERSION = YES;
				CLANG_WARN_INFINITE_RECURSION = YES;
				CLANG_WARN_INT_CONVERSION = YES;
				CLANG_WARN_OBJC_ROOT_CLASS = YES;
				CLANG_WARN_SUSPICIOUS_MOVE = NO;
				CLANG_WARN_UNREACHABLE_CODE = YES;
				CLANG_WARN__DUPLICATE_METHOD_MATCH = NO;
				COPY_PHASE_STRIP = NO;
				ENABLE_NS_ASSERTIONS = YES;
				ENABLE_STRICT_OBJC_MSGSEND = NO;
				ENABLE_TESTABILITY = YES;
				GCC_C_LANGUAGE_STANDARD = "compiler-default";
				GCC_DYNAMIC_NO_PIC = NO;
				GCC_INCREASE_PRECOMPILED_HEADER_SHARING = NO;
				GCC_NO_COMMON_BLOCKS = YES;
				GCC_OPTIMIZATION_LEVEL = s;
				GCC_PRECOMPILE_PREFIX_HEADER = NO;
				GCC_PREPROCESSOR_DEFINITIONS = "";
				GCC_SYMBOLS_PRIVATE_EXTERN = NO;
				GCC_WARN_64_TO_32_BIT_CONVERSION = YES;
				GCC_WARN_ABOUT_RETURN_TYPE = YES_ERROR;
				GCC_WARN_UNDECLARED_SELECTOR = NO;
				GCC_WARN_UNINITIALIZED_AUTOS = YES_AGGRESSIVE;
				GCC_WARN_UNUSED_FUNCTION = YES;
				GCC_WARN_UNUSED_VARIABLE = YES;
				HEADER_SEARCH_PATHS = "";
				MACOSX_DEPLOYMENT_TARGET = 10.12;
				MTL_ENABLE_DEBUG_INFO = "";
				ONLY_ACTIVE_ARCH = YES;
				OTHER_CFLAGS = (
					"-DDISCARDMONGO=1",
					"-DDISCARDMYSQL=1",
					"-DDISCARDPOSTGRES=1",
				);
				OTHER_CPLUSPLUSFLAGS = "$(OTHER_CFLAGS)";
				SCAN_ALL_SOURCE_FILES_FOR_INCLUDES = YES;
				SDKROOT = macosx;
				SYMROOT = "";
				USER_HEADER_SEARCH_PATHS = "";
				USE_HEADERMAP = YES;
			};
			name = Debug;
		};
		8FB9300D1ACBBC3F00BD7EF2 /* Release */ = {
			isa = XCBuildConfiguration;
			buildSettings = {
				ALWAYS_SEARCH_USER_PATHS = YES;
				CLANG_CXX_LANGUAGE_STANDARD = "c++0x";
				CLANG_CXX_LIBRARY = "compiler-default";
				CLANG_ENABLE_MODULES = YES;
				CLANG_ENABLE_OBJC_ARC = NO;
				CLANG_WARN_BOOL_CONVERSION = YES;
				CLANG_WARN_CONSTANT_CONVERSION = YES;
				CLANG_WARN_DIRECT_OBJC_ISA_USAGE = YES_ERROR;
				CLANG_WARN_EMPTY_BODY = YES;
				CLANG_WARN_ENUM_CONVERSION = YES;
				CLANG_WARN_INFINITE_RECURSION = YES;
				CLANG_WARN_INT_CONVERSION = YES;
				CLANG_WARN_OBJC_ROOT_CLASS = YES;
				CLANG_WARN_SUSPICIOUS_MOVE = NO;
				CLANG_WARN_UNREACHABLE_CODE = YES;
				CLANG_WARN__DUPLICATE_METHOD_MATCH = NO;
				COPY_PHASE_STRIP = NO;
				DEBUG_INFORMATION_FORMAT = "dwarf-with-dsym";
				ENABLE_NS_ASSERTIONS = YES;
				ENABLE_STRICT_OBJC_MSGSEND = NO;
				GCC_C_LANGUAGE_STANDARD = "compiler-default";
				GCC_INCREASE_PRECOMPILED_HEADER_SHARING = NO;
				GCC_NO_COMMON_BLOCKS = YES;
				GCC_OPTIMIZATION_LEVEL = s;
				GCC_PRECOMPILE_PREFIX_HEADER = NO;
				GCC_PREPROCESSOR_DEFINITIONS = "";
				GCC_WARN_64_TO_32_BIT_CONVERSION = YES;
				GCC_WARN_ABOUT_RETURN_TYPE = YES_ERROR;
				GCC_WARN_UNDECLARED_SELECTOR = NO;
				GCC_WARN_UNINITIALIZED_AUTOS = YES_AGGRESSIVE;
				GCC_WARN_UNUSED_FUNCTION = YES;
				GCC_WARN_UNUSED_VARIABLE = YES;
				HEADER_SEARCH_PATHS = "";
				MACOSX_DEPLOYMENT_TARGET = 10.12;
				MTL_ENABLE_DEBUG_INFO = "";
				ONLY_ACTIVE_ARCH = NO;
				OTHER_CFLAGS = (
					"-DDISCARDMONGO=1",
					"-DDISCARDMYSQL=1",
					"-DDISCARDPOSTGRES=1",
				);
				OTHER_CPLUSPLUSFLAGS = "$(OTHER_CFLAGS)";
				SCAN_ALL_SOURCE_FILES_FOR_INCLUDES = YES;
				SDKROOT = macosx;
				SYMROOT = "";
				USER_HEADER_SEARCH_PATHS = "";
				USE_HEADERMAP = YES;
			};
			name = Release;
		};
/* End XCBuildConfiguration section */

/* Begin XCConfigurationList section */
		8F7F70C71EBC41AE00744B26 /* Build configuration list for PBXNativeTarget "MacChatScript" */ = {
			isa = XCConfigurationList;
			buildConfigurations = (
				8F7F70C81EBC41AE00744B26 /* Debug */,
				8F7F70C91EBC41AE00744B26 /* Release */,
			);
			defaultConfigurationIsVisible = 0;
		};
		8FB930021ACBBC3F00BD7EF2 /* Build configuration list for PBXProject "MacChatScript" */ = {
			isa = XCConfigurationList;
			buildConfigurations = (
				8FB9300C1ACBBC3F00BD7EF2 /* Debug */,
				8FB9300D1ACBBC3F00BD7EF2 /* Release */,
			);
			defaultConfigurationIsVisible = 0;
			defaultConfigurationName = Release;
		};
/* End XCConfigurationList section */
	};
	rootObject = 8FB92FFF1ACBBC3F00BD7EF2 /* Project object */;
}
